
Microsoft Visual Studio Solution File, Format Version 12.00
# Visual Studio Version 16
VisualStudioVersion = 16.0.30711.63
MinimumVisualStudioVersion = 10.0.40219.1
Project("{FAE04EC0-301F-11D3-BF4B-00C04F79EFBC}") = "GTFO.Custom.WardenObjective.Core", "GTFO.Custom.WardenObjective.Core\GTFO.Custom.WardenObjective.Core.csproj", "{55634FBC-AD95-4330-A841-20C77EEC253F}"
EndProject
Project("{FAE04EC0-301F-11D3-BF4B-00C04F79EFBC}") = "CustomWardenObjective.ChainedPuzzle.Uplink", "CustomWardenObjective.ChainedPuzzle.Uplink\CustomWardenObjective.ChainedPuzzle.Uplink.csproj", "{6EE0DEA3-4B02-46EC-A400-13CC384660C1}"
EndProject
Project("{FAE04EC0-301F-11D3-BF4B-00C04F79EFBC}") = "CustomObjective.DoorMultipleWaves", "CustomObjective.DoorMultipleWaves\CustomObjective.DoorMultipleWaves.csproj", "{40C44A9D-2DD2-416D-B88D-359702942792}"
EndProject
Global
	GlobalSection(SolutionConfigurationPlatforms) = preSolution
		Debug|Any CPU = Debug|Any CPU
		Release|Any CPU = Release|Any CPU
	EndGlobalSection
	GlobalSection(ProjectConfigurationPlatforms) = postSolution
		{55634FBC-AD95-4330-A841-20C77EEC253F}.Debug|Any CPU.ActiveCfg = Debug|Any CPU
		{55634FBC-AD95-4330-A841-20C77EEC253F}.Debug|Any CPU.Build.0 = Debug|Any CPU
		{55634FBC-AD95-4330-A841-20C77EEC253F}.Release|Any CPU.ActiveCfg = Release|Any CPU
		{55634FBC-AD95-4330-A841-20C77EEC253F}.Release|Any CPU.Build.0 = Release|Any CPU
		{6EE0DEA3-4B02-46EC-A400-13CC384660C1}.Debug|Any CPU.ActiveCfg = Debug|Any CPU
		{6EE0DEA3-4B02-46EC-A400-13CC384660C1}.Debug|Any CPU.Build.0 = Debug|Any CPU
		{6EE0DEA3-4B02-46EC-A400-13CC384660C1}.Release|Any CPU.ActiveCfg = Release|Any CPU
		{6EE0DEA3-4B02-46EC-A400-13CC384660C1}.Release|Any CPU.Build.0 = Release|Any CPU
		{40C44A9D-2DD2-416D-B88D-359702942792}.Debug|Any CPU.ActiveCfg = Debug|Any CPU
		{40C44A9D-2DD2-416D-B88D-359702942792}.Debug|Any CPU.Build.0 = Debug|Any CPU
		{40C44A9D-2DD2-416D-B88D-359702942792}.Release|Any CPU.ActiveCfg = Release|Any CPU
		{40C44A9D-2DD2-416D-B88D-359702942792}.Release|Any CPU.Build.0 = Release|Any CPU
	EndGlobalSection
	GlobalSection(SolutionProperties) = preSolution
		HideSolutionNode = FALSE
	EndGlobalSection
	GlobalSection(ExtensibilityGlobals) = postSolution
		SolutionGuid = {1504FAD5-8C55-481B-AF33-21583F348749}
	EndGlobalSection
EndGlobal
